PODS:
  - abseil/algorithm (0.20190808):
    - abseil/algorithm/algorithm (= 0.20190808)
    - abseil/algorithm/container (= 0.20190808)
  - abseil/algorithm/algorithm (0.20190808)
  - abseil/algorithm/container (0.20190808):
    - abseil/algorithm/algorithm
    - abseil/base/core_headers
    - abseil/meta/type_traits
  - abseil/base (0.20190808):
    - abseil/base/atomic_hook (= 0.20190808)
    - abseil/base/base (= 0.20190808)
    - abseil/base/base_internal (= 0.20190808)
    - abseil/base/bits (= 0.20190808)
    - abseil/base/config (= 0.20190808)
    - abseil/base/core_headers (= 0.20190808)
    - abseil/base/dynamic_annotations (= 0.20190808)
    - abseil/base/endian (= 0.20190808)
    - abseil/base/log_severity (= 0.20190808)
    - abseil/base/malloc_internal (= 0.20190808)
    - abseil/base/pretty_function (= 0.20190808)
    - abseil/base/spinlock_wait (= 0.20190808)
    - abseil/base/throw_delegate (= 0.20190808)
  - abseil/base/atomic_hook (0.20190808)
  - abseil/base/base (0.20190808):
    - abseil/base/atomic_hook
    - abseil/base/base_internal
    - abseil/base/config
    - abseil/base/core_headers
    - abseil/base/dynamic_annotations
    - abseil/base/log_severity
    - abseil/base/spinlock_wait
    - abseil/meta/type_traits
  - abseil/base/base_internal (0.20190808):
    - abseil/meta/type_traits
  - abseil/base/bits (0.20190808):
    - abseil/base/core_headers
  - abseil/base/config (0.20190808)
  - abseil/base/core_headers (0.20190808):
    - abseil/base/config
  - abseil/base/dynamic_annotations (0.20190808)
  - abseil/base/endian (0.20190808):
    - abseil/base/config
    - abseil/base/core_headers
  - abseil/base/log_severity (0.20190808):
    - abseil/base/core_headers
  - abseil/base/malloc_internal (0.20190808):
    - abseil/base/base
    - abseil/base/config
    - abseil/base/core_headers
    - abseil/base/dynamic_annotations
    - abseil/base/spinlock_wait
  - abseil/base/pretty_function (0.20190808)
  - abseil/base/spinlock_wait (0.20190808):
    - abseil/base/core_headers
  - abseil/base/throw_delegate (0.20190808):
    - abseil/base/base
    - abseil/base/config
  - abseil/memory (0.20190808):
    - abseil/memory/memory (= 0.20190808)
  - abseil/memory/memory (0.20190808):
    - abseil/base/core_headers
    - abseil/meta/type_traits
  - abseil/meta (0.20190808):
    - abseil/meta/type_traits (= 0.20190808)
  - abseil/meta/type_traits (0.20190808):
    - abseil/base/config
  - abseil/numeric/int128 (0.20190808):
    - abseil/base/config
    - abseil/base/core_headers
  - abseil/strings/internal (0.20190808):
    - abseil/base/core_headers
    - abseil/base/endian
    - abseil/meta/type_traits
  - abseil/strings/strings (0.20190808):
    - abseil/base/base
    - abseil/base/bits
    - abseil/base/config
    - abseil/base/core_headers
    - abseil/base/endian
    - abseil/base/throw_delegate
    - abseil/memory/memory
    - abseil/meta/type_traits
    - abseil/numeric/int128
    - abseil/strings/internal
  - abseil/time (0.20190808):
    - abseil/time/internal (= 0.20190808)
    - abseil/time/time (= 0.20190808)
  - abseil/time/internal (0.20190808):
    - abseil/time/internal/cctz (= 0.20190808)
  - abseil/time/internal/cctz (0.20190808):
    - abseil/time/internal/cctz/civil_time (= 0.20190808)
    - abseil/time/internal/cctz/includes (= 0.20190808)
    - abseil/time/internal/cctz/time_zone (= 0.20190808)
  - abseil/time/internal/cctz/civil_time (0.20190808)
  - abseil/time/internal/cctz/includes (0.20190808)
  - abseil/time/internal/cctz/time_zone (0.20190808):
    - abseil/time/internal/cctz/civil_time
  - abseil/time/time (0.20190808):
    - abseil/base/base
    - abseil/base/core_headers
    - abseil/numeric/int128
    - abseil/strings/strings
    - abseil/time/internal/cctz/civil_time
    - abseil/time/internal/cctz/time_zone
  - abseil/types (0.20190808):
    - abseil/types/any (= 0.20190808)
    - abseil/types/bad_any_cast (= 0.20190808)
    - abseil/types/bad_any_cast_impl (= 0.20190808)
    - abseil/types/bad_optional_access (= 0.20190808)
    - abseil/types/bad_variant_access (= 0.20190808)
    - abseil/types/compare (= 0.20190808)
    - abseil/types/optional (= 0.20190808)
    - abseil/types/span (= 0.20190808)
    - abseil/types/variant (= 0.20190808)
  - abseil/types/any (0.20190808):
    - abseil/base/config
    - abseil/base/core_headers
    - abseil/meta/type_traits
    - abseil/types/bad_any_cast
    - abseil/utility/utility
  - abseil/types/bad_any_cast (0.20190808):
    - abseil/base/config
    - abseil/types/bad_any_cast_impl
  - abseil/types/bad_any_cast_impl (0.20190808):
    - abseil/base/base
    - abseil/base/config
  - abseil/types/bad_optional_access (0.20190808):
    - abseil/base/base
    - abseil/base/config
  - abseil/types/bad_variant_access (0.20190808):
    - abseil/base/base
    - abseil/base/config
  - abseil/types/compare (0.20190808):
    - abseil/base/core_headers
    - abseil/meta/type_traits
  - abseil/types/optional (0.20190808):
    - abseil/base/base_internal
    - abseil/base/config
    - abseil/base/core_headers
    - abseil/memory/memory
    - abseil/meta/type_traits
    - abseil/types/bad_optional_access
    - abseil/utility/utility
  - abseil/types/span (0.20190808):
    - abseil/algorithm/algorithm
    - abseil/base/core_headers
    - abseil/base/throw_delegate
    - abseil/meta/type_traits
  - abseil/types/variant (0.20190808):
    - abseil/base/base_internal
    - abseil/base/config
    - abseil/base/core_headers
    - abseil/meta/type_traits
    - abseil/types/bad_variant_access
    - abseil/utility/utility
  - abseil/utility/utility (0.20190808):
    - abseil/base/base_internal
    - abseil/base/config
    - abseil/meta/type_traits
  - AppAuth (1.3.0):
    - AppAuth/Core (= 1.3.0)
    - AppAuth/ExternalUserAgent (= 1.3.0)
  - AppAuth/Core (1.3.0)
  - AppAuth/ExternalUserAgent (1.3.0)
  - BoringSSL-GRPC (0.0.3):
    - BoringSSL-GRPC/Implementation (= 0.0.3)
    - BoringSSL-GRPC/Interface (= 0.0.3)
  - BoringSSL-GRPC/Implementation (0.0.3):
    - BoringSSL-GRPC/Interface (= 0.0.3)
  - BoringSSL-GRPC/Interface (0.0.3)
  - cloud_firestore (0.0.1):
    - Firebase/Core
    - Firebase/Firestore (~> 6.0)
    - Flutter
  - Firebase/Auth (6.13.0):
    - Firebase/CoreOnly
    - FirebaseAuth (~> 6.4.0)
  - Firebase/Core (6.13.0):
    - Firebase/CoreOnly
    - FirebaseAnalytics (= 6.1.6)
  - Firebase/CoreOnly (6.13.0):
    - FirebaseCore (= 6.4.0)
  - Firebase/Firestore (6.13.0):
    - Firebase/CoreOnly
    - FirebaseFirestore (~> 1.8.0)
  - firebase_auth (0.0.1):
    - Firebase/Auth (~> 6.0)
    - Firebase/Core
    - Flutter
  - firebase_core (0.0.1):
    - Firebase/Core
    - Flutter
  - FirebaseAnalytics (6.1.6):
    - FirebaseCore (~> 6.4)
    - FirebaseInstanceID (~> 4.2)
    - GoogleAppMeasurement (= 6.1.6)
    - GoogleUtilities/AppDelegateSwizzler (~> 6.0)
    - GoogleUtilities/MethodSwizzler (~> 6.0)
    - GoogleUtilities/Network (~> 6.0)
    - "GoogleUtilities/NSData+zlib (~> 6.0)"
    - nanopb (= 0.3.9011)
  - FirebaseAuth (6.4.0):
    - FirebaseAuthInterop (~> 1.0)
    - FirebaseCore (~> 6.2)
    - GoogleUtilities/AppDelegateSwizzler (~> 6.2)
    - GoogleUtilities/Environment (~> 6.2)
    - GTMSessionFetcher/Core (~> 1.1)
  - FirebaseAuthInterop (1.0.0)
  - FirebaseCore (6.4.0):
    - FirebaseCoreDiagnostics (~> 1.0)
    - FirebaseCoreDiagnosticsInterop (~> 1.0)
    - GoogleUtilities/Environment (~> 6.2)
    - GoogleUtilities/Logger (~> 6.2)
  - FirebaseCoreDiagnostics (1.1.2):
    - FirebaseCoreDiagnosticsInterop (~> 1.0)
    - GoogleDataTransportCCTSupport (~> 1.0)
    - GoogleUtilities/Environment (~> 6.2)
    - GoogleUtilities/Logger (~> 6.2)
    - nanopb (~> 0.3.901)
  - FirebaseCoreDiagnosticsInterop (1.1.0)
  - FirebaseFirestore (1.8.1):
    - abseil/algorithm (= 0.20190808)
    - abseil/base (= 0.20190808)
    - abseil/memory (= 0.20190808)
    - abseil/meta (= 0.20190808)
    - abseil/strings/strings (= 0.20190808)
    - abseil/time (= 0.20190808)
    - abseil/types (= 0.20190808)
    - FirebaseAuthInterop (~> 1.0)
    - FirebaseCore (~> 6.2)
    - "gRPC-C++ (= 0.0.9)"
    - leveldb-library (~> 1.22)
    - nanopb (~> 0.3.901)
  - FirebaseInstanceID (4.2.7):
    - FirebaseCore (~> 6.0)
    - GoogleUtilities/Environment (~> 6.0)
    - GoogleUtilities/UserDefaults (~> 6.0)
  - Flutter (1.0.0)
  - flutter_inappbrowser (0.0.1):
    - Flutter
  - flutter_mdns_plugin (0.0.1):
    - Flutter
  - FMDB (2.7.5):
    - FMDB/standard (= 2.7.5)
  - FMDB/standard (2.7.5)
  - google_sign_in (0.0.1):
    - Flutter
    - GoogleSignIn (~> 5.0)
  - GoogleAppMeasurement (6.1.6):
    - GoogleUtilities/AppDelegateSwizzler (~> 6.0)
    - GoogleUtilities/MethodSwizzler (~> 6.0)
    - GoogleUtilities/Network (~> 6.0)
    - "GoogleUtilities/NSData+zlib (~> 6.0)"
    - nanopb (= 0.3.9011)
  - GoogleDataTransport (3.2.0)
  - GoogleDataTransportCCTSupport (1.2.2):
    - GoogleDataTransport (~> 3.2)
    - nanopb (~> 0.3.901)
  - GoogleSignIn (5.0.2):
    - AppAuth (~> 1.2)
    - GTMAppAuth (~> 1.0)
    - GTMSessionFetcher/Core (~> 1.1)
  - GoogleUtilities/AppDelegateSwizzler (6.3.2):
    - GoogleUtilities/Environment
    - GoogleUtilities/Logger
    - GoogleUtilities/Network
  - GoogleUtilities/Environment (6.3.2)
  - GoogleUtilities/Logger (6.3.2):
    - GoogleUtilities/Environment
  - GoogleUtilities/MethodSwizzler (6.3.2):
    - GoogleUtilities/Logger
  - GoogleUtilities/Network (6.3.2):
    - GoogleUtilities/Logger
    - "GoogleUtilities/NSData+zlib"
    - GoogleUtilities/Reachability
  - "GoogleUtilities/NSData+zlib (6.3.2)"
  - GoogleUtilities/Reachability (6.3.2):
    - GoogleUtilities/Logger
  - GoogleUtilities/UserDefaults (6.3.2):
    - GoogleUtilities/Logger
  - "gRPC-C++ (0.0.9)":
    - "gRPC-C++/Implementation (= 0.0.9)"
    - "gRPC-C++/Interface (= 0.0.9)"
  - "gRPC-C++/Implementation (0.0.9)":
    - "gRPC-C++/Interface (= 0.0.9)"
    - gRPC-Core (= 1.21.0)
    - nanopb (~> 0.3)
  - "gRPC-C++/Interface (0.0.9)"
  - gRPC-Core (1.21.0):
    - gRPC-Core/Implementation (= 1.21.0)
    - gRPC-Core/Interface (= 1.21.0)
  - gRPC-Core/Implementation (1.21.0):
    - BoringSSL-GRPC (= 0.0.3)
    - gRPC-Core/Interface (= 1.21.0)
    - nanopb (~> 0.3)
  - gRPC-Core/Interface (1.21.0)
  - GTMAppAuth (1.0.0):
    - AppAuth/Core (~> 1.0)
    - GTMSessionFetcher (~> 1.1)
  - GTMSessionFetcher (1.3.0):
    - GTMSessionFetcher/Full (= 1.3.0)
  - GTMSessionFetcher/Core (1.3.0)
  - GTMSessionFetcher/Full (1.3.0):
    - GTMSessionFetcher/Core (= 1.3.0)
  - leveldb-library (1.22)
  - nanopb (0.3.9011):
    - nanopb/decode (= 0.3.9011)
    - nanopb/encode (= 0.3.9011)
  - nanopb/decode (0.3.9011)
  - nanopb/encode (0.3.9011)
  - path_provider (0.0.1):
    - Flutter
  - permission_handler (3.3.0):
    - Flutter
  - screen (0.0.1):
    - Flutter
  - share_extend (0.0.1):
    - Flutter
  - shared_preferences (0.0.1):
    - Flutter
  - sqflite (0.0.1):
    - Flutter
    - FMDB (~> 2.7.2)
  - url_launcher (0.0.1):
    - Flutter
  - video_player (0.0.1):
    - Flutter
  - webview_flutter (0.0.1):
    - Flutter

DEPENDENCIES:
  - cloud_firestore (from `.symlinks/plugins/cloud_firestore/ios`)
  - firebase_auth (from `.symlinks/plugins/firebase_auth/ios`)
  - firebase_core (from `.symlinks/plugins/firebase_core/ios`)
  - Flutter (from `Flutter`)
  - flutter_inappbrowser (from `.symlinks/plugins/flutter_inappbrowser/ios`)
  - flutter_mdns_plugin (from `.symlinks/plugins/flutter_mdns_plugin/ios`)
  - google_sign_in (from `.symlinks/plugins/google_sign_in/ios`)
  - path_provider (from `.symlinks/plugins/path_provider/ios`)
  - permission_handler (from `.symlinks/plugins/permission_handler/ios`)
  - screen (from `.symlinks/plugins/screen/ios`)
  - share_extend (from `.symlinks/plugins/share_extend/ios`)
  - shared_preferences (from `.symlinks/plugins/shared_preferences/ios`)
  - sqflite (from `.symlinks/plugins/sqflite/ios`)
  - url_launcher (from `.symlinks/plugins/url_launcher/ios`)
  - video_player (from `.symlinks/plugins/video_player/ios`)
  - webview_flutter (from `.symlinks/plugins/webview_flutter/ios`)

SPEC REPOS:
  trunk:
    - abseil
    - AppAuth
    - BoringSSL-GRPC
    - Firebase
    - FirebaseAnalytics
    - FirebaseAuth
    - FirebaseAuthInterop
    - FirebaseCore
    - FirebaseCoreDiagnostics
    - FirebaseCoreDiagnosticsInterop
    - FirebaseFirestore
    - FirebaseInstanceID
    - FMDB
    - GoogleAppMeasurement
    - GoogleDataTransport
    - GoogleDataTransportCCTSupport
    - GoogleSignIn
    - GoogleUtilities
    - "gRPC-C++"
    - gRPC-Core
    - GTMAppAuth
    - GTMSessionFetcher
    - leveldb-library
    - nanopb

EXTERNAL SOURCES:
  cloud_firestore:
    :path: ".symlinks/plugins/cloud_firestore/ios"
  firebase_auth:
    :path: ".symlinks/plugins/firebase_auth/ios"
  firebase_core:
    :path: ".symlinks/plugins/firebase_core/ios"
  Flutter:
    :path: Flutter
  flutter_inappbrowser:
    :path: ".symlinks/plugins/flutter_inappbrowser/ios"
  flutter_mdns_plugin:
    :path: ".symlinks/plugins/flutter_mdns_plugin/ios"
  google_sign_in:
    :path: ".symlinks/plugins/google_sign_in/ios"
  path_provider:
    :path: ".symlinks/plugins/path_provider/ios"
  permission_handler:
    :path: ".symlinks/plugins/permission_handler/ios"
  screen:
    :path: ".symlinks/plugins/screen/ios"
  share_extend:
    :path: ".symlinks/plugins/share_extend/ios"
  shared_preferences:
    :path: ".symlinks/plugins/shared_preferences/ios"
  sqflite:
    :path: ".symlinks/plugins/sqflite/ios"
  url_launcher:
    :path: ".symlinks/plugins/url_launcher/ios"
  video_player:
    :path: ".symlinks/plugins/video_player/ios"
  webview_flutter:
    :path: ".symlinks/plugins/webview_flutter/ios"

SPEC CHECKSUMS:
  abseil: 18063d773f5366ff8736a050fe035a28f635fd27
  AppAuth: 73574f3013a1e65b9601a3ddc8b3158cce68c09d
  BoringSSL-GRPC: db8764df3204ccea016e1c8dd15d9a9ad63ff318
  cloud_firestore: 187530401afa261d255791ea75580591e345fa7b
  Firebase: 458d109512200d1aca2e1b9b6cf7d68a869a4a46
  firebase_auth: a8e2050a6d6274984e4e02b4e172b49923b15a56
  firebase_core: 77196106dc5f61b425f58b2f8f050347db10e4e0
  FirebaseAnalytics: 45f36d9c429fc91d206283900ab75390cd05ee8a
  FirebaseAuth: 7d0f84873926f6648bbd1391a318dfb1a26b5e4f
  FirebaseAuthInterop: 0ffa57668be100582bb7643d4fcb7615496c41fc
  FirebaseCore: 307ea2508df730c5865334e41965bd9ea344b0e5
  FirebaseCoreDiagnostics: 511f4f3ed7d440bb69127e8b97c2bc8befae639e
  FirebaseCoreDiagnosticsInterop: e9b1b023157e3a2fc6418b5cb601e79b9af7b3a0
  FirebaseFirestore: 2e92e977280d63ecbf3fd58bdbfaf9145abb880f
  FirebaseInstanceID: ebd2ea79ee38db0cb5f5167b17a0d387e1cc7b6e
  Flutter: 0e3d915762c693b495b44d77113d4970485de6ec
  flutter_inappbrowser: cd1fa70c62958a5674ffba8ecc3f3cfae845466d
  flutter_mdns_plugin: 3b8fa566cc39005527b515c77243cfdba77b70bc
  FMDB: 2ce00b547f966261cd18927a3ddb07cb6f3db82a
  google_sign_in: decaf71f56e22fb1dc179de062177ae6df415716
  GoogleAppMeasurement: dfe55efa543e899d906309eaaac6ca26d249862f
  GoogleDataTransport: 8e9b210c97d55fbff306cc5468ff91b9cb32dcf5
  GoogleDataTransportCCTSupport: ef79a4728b864946a8aafdbab770d5294faf3b5f
  GoogleSignIn: 7137d297ddc022a7e0aa4619c86d72c909fa7213
  GoogleUtilities: 547a86735c6f0ee30ad17e94df4fc21f616b71cb
  "gRPC-C++": 9dfe7b44821e7b3e44aacad2af29d2c21f7cde83
  gRPC-Core: c9aef9a261a1247e881b18059b84d597293c9947
  GTMAppAuth: 4deac854479704f348309e7b66189e604cf5e01e
  GTMSessionFetcher: 43b8b64263023d4f32caa0b40f4c8bfa3c5f36d8
  leveldb-library: 55d93ee664b4007aac644a782d11da33fba316f7
  nanopb: 18003b5e52dab79db540fe93fe9579f399bd1ccd
  path_provider: fb74bd0465e96b594bb3b5088ee4a4e7bb1f2a9d
  permission_handler: 67637977b227d62d46bfbf524f335f8568de5a73
  screen: abd91ca7bf3426e1cc3646d27e9b2358d6bf07b0
  share_extend: b6748dc53695587891126a89533b862b92548c7b
  shared_preferences: 430726339841afefe5142b9c1f50cb6bd7793e01
  sqflite: ff1d9da63c06588cc8d1faf7256d741f16989d5a
  url_launcher: a1c0cc845906122c4784c542523d8cacbded5626
  video_player: 69c5f029fac4ffe4fc8a85ea7f7b793709661549
  webview_flutter: db3aba222b23e4dc432e0c5882834123dc50ff9f

PODFILE CHECKSUM: 1b66dae606f75376c5f2135a8290850eeb09ae83

COCOAPODS: 1.8.4
